
Microsoft Visual Studio Solution File, Format Version 12.00
# Visual Studio Version 17
VisualStudioVersion = 17.0.31903.59
MinimumVisualStudioVersion = 10.0.40219.1
Project("{FAE04EC0-301F-11D3-BF4B-00C04F79EFBC}") = "BottlesLibrary", "BottlesLibrary\BottlesLibrary.csproj", "{3AF038F3-DF98-47AE-9402-E4B9C8BC57D1}"
EndProject
Project("{FAE04EC0-301F-11D3-BF4B-00C04F79EFBC}") = "BottlesTest", "BottlesTest\BottlesTest.csproj", "{E3B01CC1-936B-464A-A621-3662FA19F9ED}"
EndProject
Global
	GlobalSection(SolutionConfigurationPlatforms) = preSolution
		Debug|Any CPU = Debug|Any CPU
		Release|Any CPU = Release|Any CPU
	EndGlobalSection
	GlobalSection(SolutionProperties) = preSolution
		HideSolutionNode = FALSE
	EndGlobalSection
	GlobalSection(ProjectConfigurationPlatforms) = postSolution
		{3AF038F3-DF98-47AE-9402-E4B9C8BC57D1}.Debug|Any CPU.ActiveCfg = Debug|Any CPU
		{3AF038F3-DF98-47AE-9402-E4B9C8BC57D1}.Debug|Any CPU.Build.0 = Debug|Any CPU
		{3AF038F3-DF98-47AE-9402-E4B9C8BC57D1}.Release|Any CPU.ActiveCfg = Release|Any CPU
		{3AF038F3-DF98-47AE-9402-E4B9C8BC57D1}.Release|Any CPU.Build.0 = Release|Any CPU
		{E3B01CC1-936B-464A-A621-3662FA19F9ED}.Debug|Any CPU.ActiveCfg = Debug|Any CPU
		{E3B01CC1-936B-464A-A621-3662FA19F9ED}.Debug|Any CPU.Build.0 = Debug|Any CPU
		{E3B01CC1-936B-464A-A621-3662FA19F9ED}.Release|Any CPU.ActiveCfg = Release|Any CPU
		{E3B01CC1-936B-464A-A621-3662FA19F9ED}.Release|Any CPU.Build.0 = Release|Any CPU
	EndGlobalSection
EndGlobal
